PODS:
  - FBSnapshotTestCase (2.1.4):
    - FBSnapshotTestCase/SwiftSupport (= 2.1.4)
  - FBSnapshotTestCase/Core (2.1.4)
  - FBSnapshotTestCase/SwiftSupport (2.1.4):
    - FBSnapshotTestCase/Core
  - UIComponent (0.1.5)

DEPENDENCIES:
  - FBSnapshotTestCase (~> 2.1.4)
  - UIComponent (from `../`)

SPEC REPOS:
  https://github.com/cocoapods/specs.git:
    - FBSnapshotTestCase

EXTERNAL SOURCES:
  UIComponent:
    :path: "../"

SPEC CHECKSUMS:
  FBSnapshotTestCase: 094f9f314decbabe373b87cc339bea235a63e07a
  UIComponent: b1c9aec1ddff417466d4042e3440348b5db47c00

PODFILE CHECKSUM: 177852096c61f6a3c2d337e01236e3496cc4a2a6

COCOAPODS: 1.5.3
